
Microsoft Visual Studio Solution File, Format Version 12.00
# Visual Studio 15
VisualStudioVersion = 15.0.28307.1062
MinimumVisualStudioVersion = 10.0.40219.1
Project("{FAE04EC0-301F-11D3-BF4B-00C04F79EFBC}") = "AccessModifier", "AccessModifier\AccessModifier.csproj", "{CEE5FA95-DAC6-439E-9C62-C5005E7B03CA}"
EndProject
Project("{FAE04EC0-301F-11D3-BF4B-00C04F79EFBC}") = "AccessModifier_2", "AccessModifier_2\AccessModifier_2.csproj", "{C2F88476-61C7-41B5-8E0F-22396916E6F1}"
EndProject
Project("{FAE04EC0-301F-11D3-BF4B-00C04F79EFBC}") = "AccessModifier_3", "AccessModifier_3\AccessModifier_3.csproj", "{DED77FE2-1A4A-43AB-A02C-3AF8DD8937CB}"
EndProject
Project("{FAE04EC0-301F-11D3-BF4B-00C04F79EFBC}") = "Constructor", "Constructor\Constructor.csproj", "{1F44C12E-5695-40CE-82C4-3C7CFA95235B}"
EndProject
Project("{FAE04EC0-301F-11D3-BF4B-00C04F79EFBC}") = "Constructor_2", "Constructor_2\Constructor_2.csproj", "{A34104AE-E270-4285-AA53-2F944E52010D}"
EndProject
Project("{FAE04EC0-301F-11D3-BF4B-00C04F79EFBC}") = "Destructor", "Destructor\Destructor.csproj", "{51E91191-0FDA-463D-B296-1DF18607CA8B}"
EndProject
Project("{FAE04EC0-301F-11D3-BF4B-00C04F79EFBC}") = "Main_Static", "Main_Static\Main_Static.csproj", "{0EB34AFA-3DE7-4906-B38D-CD2038C9E24F}"
EndProject
Project("{FAE04EC0-301F-11D3-BF4B-00C04F79EFBC}") = "Ref_Class", "Ref_Class\Ref_Class.csproj", "{1D5ED8A6-2AC7-4FF4-9F90-324F318C0FD1}"
EndProject
Project("{FAE04EC0-301F-11D3-BF4B-00C04F79EFBC}") = "This_feat", "This_feat\This_feat.csproj", "{21DA538F-B308-4FA5-B8F0-85FD2E890D09}"
EndProject
Global
	GlobalSection(SolutionConfigurationPlatforms) = preSolution
		Debug|Any CPU = Debug|Any CPU
		Release|Any CPU = Release|Any CPU
	EndGlobalSection
	GlobalSection(ProjectConfigurationPlatforms) = postSolution
		{CEE5FA95-DAC6-439E-9C62-C5005E7B03CA}.Debug|Any CPU.ActiveCfg = Debug|Any CPU
		{CEE5FA95-DAC6-439E-9C62-C5005E7B03CA}.Debug|Any CPU.Build.0 = Debug|Any CPU
		{CEE5FA95-DAC6-439E-9C62-C5005E7B03CA}.Release|Any CPU.ActiveCfg = Release|Any CPU
		{CEE5FA95-DAC6-439E-9C62-C5005E7B03CA}.Release|Any CPU.Build.0 = Release|Any CPU
		{C2F88476-61C7-41B5-8E0F-22396916E6F1}.Debug|Any CPU.ActiveCfg = Debug|Any CPU
		{C2F88476-61C7-41B5-8E0F-22396916E6F1}.Debug|Any CPU.Build.0 = Debug|Any CPU
		{C2F88476-61C7-41B5-8E0F-22396916E6F1}.Release|Any CPU.ActiveCfg = Release|Any CPU
		{C2F88476-61C7-41B5-8E0F-22396916E6F1}.Release|Any CPU.Build.0 = Release|Any CPU
		{DED77FE2-1A4A-43AB-A02C-3AF8DD8937CB}.Debug|Any CPU.ActiveCfg = Debug|Any CPU
		{DED77FE2-1A4A-43AB-A02C-3AF8DD8937CB}.Debug|Any CPU.Build.0 = Debug|Any CPU
		{DED77FE2-1A4A-43AB-A02C-3AF8DD8937CB}.Release|Any CPU.ActiveCfg = Release|Any CPU
		{DED77FE2-1A4A-43AB-A02C-3AF8DD8937CB}.Release|Any CPU.Build.0 = Release|Any CPU
		{1F44C12E-5695-40CE-82C4-3C7CFA95235B}.Debug|Any CPU.ActiveCfg = Debug|Any CPU
		{1F44C12E-5695-40CE-82C4-3C7CFA95235B}.Debug|Any CPU.Build.0 = Debug|Any CPU
		{1F44C12E-5695-40CE-82C4-3C7CFA95235B}.Release|Any CPU.ActiveCfg = Release|Any CPU
		{1F44C12E-5695-40CE-82C4-3C7CFA95235B}.Release|Any CPU.Build.0 = Release|Any CPU
		{A34104AE-E270-4285-AA53-2F944E52010D}.Debug|Any CPU.ActiveCfg = Debug|Any CPU
		{A34104AE-E270-4285-AA53-2F944E52010D}.Debug|Any CPU.Build.0 = Debug|Any CPU
		{A34104AE-E270-4285-AA53-2F944E52010D}.Release|Any CPU.ActiveCfg = Release|Any CPU
		{A34104AE-E270-4285-AA53-2F944E52010D}.Release|Any CPU.Build.0 = Release|Any CPU
		{51E91191-0FDA-463D-B296-1DF18607CA8B}.Debug|Any CPU.ActiveCfg = Debug|Any CPU
		{51E91191-0FDA-463D-B296-1DF18607CA8B}.Debug|Any CPU.Build.0 = Debug|Any CPU
		{51E91191-0FDA-463D-B296-1DF18607CA8B}.Release|Any CPU.ActiveCfg = Release|Any CPU
		{51E91191-0FDA-463D-B296-1DF18607CA8B}.Release|Any CPU.Build.0 = Release|Any CPU
		{0EB34AFA-3DE7-4906-B38D-CD2038C9E24F}.Debug|Any CPU.ActiveCfg = Debug|Any CPU
		{0EB34AFA-3DE7-4906-B38D-CD2038C9E24F}.Debug|Any CPU.Build.0 = Debug|Any CPU
		{0EB34AFA-3DE7-4906-B38D-CD2038C9E24F}.Release|Any CPU.ActiveCfg = Release|Any CPU
		{0EB34AFA-3DE7-4906-B38D-CD2038C9E24F}.Release|Any CPU.Build.0 = Release|Any CPU
		{1D5ED8A6-2AC7-4FF4-9F90-324F318C0FD1}.Debug|Any CPU.ActiveCfg = Debug|Any CPU
		{1D5ED8A6-2AC7-4FF4-9F90-324F318C0FD1}.Debug|Any CPU.Build.0 = Debug|Any CPU
		{1D5ED8A6-2AC7-4FF4-9F90-324F318C0FD1}.Release|Any CPU.ActiveCfg = Release|Any CPU
		{1D5ED8A6-2AC7-4FF4-9F90-324F318C0FD1}.Release|Any CPU.Build.0 = Release|Any CPU
		{21DA538F-B308-4FA5-B8F0-85FD2E890D09}.Debug|Any CPU.ActiveCfg = Debug|Any CPU
		{21DA538F-B308-4FA5-B8F0-85FD2E890D09}.Debug|Any CPU.Build.0 = Debug|Any CPU
		{21DA538F-B308-4FA5-B8F0-85FD2E890D09}.Release|Any CPU.ActiveCfg = Release|Any CPU
		{21DA538F-B308-4FA5-B8F0-85FD2E890D09}.Release|Any CPU.Build.0 = Release|Any CPU
	EndGlobalSection
	GlobalSection(SolutionProperties) = preSolution
		HideSolutionNode = FALSE
	EndGlobalSection
	GlobalSection(ExtensibilityGlobals) = postSolution
		SolutionGuid = {DCA08FD6-FB92-4A65-A40C-36938686D8D5}
	EndGlobalSection
EndGlobal
