
Microsoft Visual Studio Solution File, Format Version 12.00
# Visual Studio 15
VisualStudioVersion = 15.0.28307.1062
MinimumVisualStudioVersion = 10.0.40219.1
Project("{FAE04EC0-301F-11D3-BF4B-00C04F79EFBC}") = "Delegate_1", "Delegate_1\Delegate_1.csproj", "{8B65D4D1-FEEC-4C44-B374-CBE87C402D05}"
EndProject
Project("{FAE04EC0-301F-11D3-BF4B-00C04F79EFBC}") = "Multicast_Delegate", "Multicast_Delegate\Multicast_Delegate.csproj", "{92016DD0-C74F-4102-9151-D2C9CD63B1E5}"
EndProject
Project("{FAE04EC0-301F-11D3-BF4B-00C04F79EFBC}") = "Event_1", "Event_1\Event_1.csproj", "{B8B14DCB-7F3B-4DE3-A407-36D2B6DC0D60}"
EndProject
Global
	GlobalSection(SolutionConfigurationPlatforms) = preSolution
		Debug|Any CPU = Debug|Any CPU
		Release|Any CPU = Release|Any CPU
	EndGlobalSection
	GlobalSection(ProjectConfigurationPlatforms) = postSolution
		{8B65D4D1-FEEC-4C44-B374-CBE87C402D05}.Debug|Any CPU.ActiveCfg = Debug|Any CPU
		{8B65D4D1-FEEC-4C44-B374-CBE87C402D05}.Debug|Any CPU.Build.0 = Debug|Any CPU
		{8B65D4D1-FEEC-4C44-B374-CBE87C402D05}.Release|Any CPU.ActiveCfg = Release|Any CPU
		{8B65D4D1-FEEC-4C44-B374-CBE87C402D05}.Release|Any CPU.Build.0 = Release|Any CPU
		{92016DD0-C74F-4102-9151-D2C9CD63B1E5}.Debug|Any CPU.ActiveCfg = Debug|Any CPU
		{92016DD0-C74F-4102-9151-D2C9CD63B1E5}.Debug|Any CPU.Build.0 = Debug|Any CPU
		{92016DD0-C74F-4102-9151-D2C9CD63B1E5}.Release|Any CPU.ActiveCfg = Release|Any CPU
		{92016DD0-C74F-4102-9151-D2C9CD63B1E5}.Release|Any CPU.Build.0 = Release|Any CPU
		{B8B14DCB-7F3B-4DE3-A407-36D2B6DC0D60}.Debug|Any CPU.ActiveCfg = Debug|Any CPU
		{B8B14DCB-7F3B-4DE3-A407-36D2B6DC0D60}.Debug|Any CPU.Build.0 = Debug|Any CPU
		{B8B14DCB-7F3B-4DE3-A407-36D2B6DC0D60}.Release|Any CPU.ActiveCfg = Release|Any CPU
		{B8B14DCB-7F3B-4DE3-A407-36D2B6DC0D60}.Release|Any CPU.Build.0 = Release|Any CPU
	EndGlobalSection
	GlobalSection(SolutionProperties) = preSolution
		HideSolutionNode = FALSE
	EndGlobalSection
	GlobalSection(ExtensibilityGlobals) = postSolution
		SolutionGuid = {D3F222C2-7D53-4568-AA1A-15433425E24B}
	EndGlobalSection
EndGlobal
