
Microsoft Visual Studio Solution File, Format Version 12.00
# Visual Studio 15
VisualStudioVersion = 15.0.28307.1062
MinimumVisualStudioVersion = 10.0.40219.1
Project("{FAE04EC0-301F-11D3-BF4B-00C04F79EFBC}") = "ForTest", "ForTest\ForTest.csproj", "{629AAE2B-A418-4178-895A-A9B83EC144E1}"
EndProject
Global
	GlobalSection(SolutionConfigurationPlatforms) = preSolution
		Debug|Any CPU = Debug|Any CPU
		Release|Any CPU = Release|Any CPU
	EndGlobalSection
	GlobalSection(ProjectConfigurationPlatforms) = postSolution
		{629AAE2B-A418-4178-895A-A9B83EC144E1}.Debug|Any CPU.ActiveCfg = Debug|Any CPU
		{629AAE2B-A418-4178-895A-A9B83EC144E1}.Debug|Any CPU.Build.0 = Debug|Any CPU
		{629AAE2B-A418-4178-895A-A9B83EC144E1}.Release|Any CPU.ActiveCfg = Release|Any CPU
		{629AAE2B-A418-4178-895A-A9B83EC144E1}.Release|Any CPU.Build.0 = Release|Any CPU
	EndGlobalSection
	GlobalSection(SolutionProperties) = preSolution
		HideSolutionNode = FALSE
	EndGlobalSection
	GlobalSection(ExtensibilityGlobals) = postSolution
		SolutionGuid = {0FA2AEA8-ADBC-4DDD-B714-67D1D83EF42F}
	EndGlobalSection
EndGlobal
